# This file is generated by running "yarn install" inside your project.
# Manual changes might be lost - proceed with caution!

__metadata:
  version: 8
  cacheKey: 10c0

"daisyui@npm:^5.5.8":
  version: 5.5.8
  resolution: "daisyui@npm:5.5.8"
  checksum: 10c0/9243f0c8e9c45242e82074ecec46f19cf661579d9b3d73ddf56e8a0bf461564f844842ecfdf019320060a5c68ff2d1a0db2dd0335543146165299d7f4ce7a113
  languageName: node
  linkType: hard

"sistema_libreria@workspace:.":
  version: 0.0.0-use.local
  resolution: "sistema_libreria@workspace:."
  dependencies:
    daisyui: "npm:^5.5.8"
  languageName: unknown
  linkType: soft
